
Microsoft Visual Studio Solution File, Format Version 12.00
# Visual Studio Version 17
VisualStudioVersion = 17.0.31912.275
MinimumVisualStudioVersion = 10.0.40219.1
Project("{2150E333-8FDC-42A3-9474-1A3956D46DE8}") = "src", "src", "{47F79B59-6E49-41D5-AEFC-ECBD737DB8A8}"
EndProject
Project("{FAE04EC0-301F-11D3-BF4B-00C04F79EFBC}") = "ApiNetCoreDDD.Domain", "src\ApiNetCoreDDD.Domain\ApiNetCoreDDD.Domain.csproj", "{39CBD5CD-31B2-4B67-98B1-A9BED99E2A59}"
EndProject
Project("{FAE04EC0-301F-11D3-BF4B-00C04F79EFBC}") = "ApiNetCoreDDD.Infrastructure", "src\ApiNetCoreDDD.Infrastructure\ApiNetCoreDDD.Infrastructure.csproj", "{1C2568EB-31B3-4A1F-9E1C-8C4D8C568A3C}"
EndProject
Project("{FAE04EC0-301F-11D3-BF4B-00C04F79EFBC}") = "ApiNetCoreDDD.Service", "src\ApiNetCoreDDD.Service\ApiNetCoreDDD.Service.csproj", "{659C5BDF-F4C1-4850-AE42-4518A1A80DE1}"
EndProject
Project("{FAE04EC0-301F-11D3-BF4B-00C04F79EFBC}") = "ApiNetCoreDDD.API", "src\ApiNetCoreDDD.API\ApiNetCoreDDD.API.csproj", "{B7CAD575-CD22-4DBE-BC74-B857002FC764}"
EndProject
Global
	GlobalSection(SolutionConfigurationPlatforms) = preSolution
		Debug|Any CPU = Debug|Any CPU
		Release|Any CPU = Release|Any CPU
	EndGlobalSection
	GlobalSection(ProjectConfigurationPlatforms) = postSolution
		{39CBD5CD-31B2-4B67-98B1-A9BED99E2A59}.Debug|Any CPU.ActiveCfg = Debug|Any CPU
		{39CBD5CD-31B2-4B67-98B1-A9BED99E2A59}.Debug|Any CPU.Build.0 = Debug|Any CPU
		{39CBD5CD-31B2-4B67-98B1-A9BED99E2A59}.Release|Any CPU.ActiveCfg = Release|Any CPU
		{39CBD5CD-31B2-4B67-98B1-A9BED99E2A59}.Release|Any CPU.Build.0 = Release|Any CPU
		{1C2568EB-31B3-4A1F-9E1C-8C4D8C568A3C}.Debug|Any CPU.ActiveCfg = Debug|Any CPU
		{1C2568EB-31B3-4A1F-9E1C-8C4D8C568A3C}.Debug|Any CPU.Build.0 = Debug|Any CPU
		{1C2568EB-31B3-4A1F-9E1C-8C4D8C568A3C}.Release|Any CPU.ActiveCfg = Release|Any CPU
		{1C2568EB-31B3-4A1F-9E1C-8C4D8C568A3C}.Release|Any CPU.Build.0 = Release|Any CPU
		{659C5BDF-F4C1-4850-AE42-4518A1A80DE1}.Debug|Any CPU.ActiveCfg = Debug|Any CPU
		{659C5BDF-F4C1-4850-AE42-4518A1A80DE1}.Debug|Any CPU.Build.0 = Debug|Any CPU
		{659C5BDF-F4C1-4850-AE42-4518A1A80DE1}.Release|Any CPU.ActiveCfg = Release|Any CPU
		{659C5BDF-F4C1-4850-AE42-4518A1A80DE1}.Release|Any CPU.Build.0 = Release|Any CPU
		{B7CAD575-CD22-4DBE-BC74-B857002FC764}.Debug|Any CPU.ActiveCfg = Debug|Any CPU
		{B7CAD575-CD22-4DBE-BC74-B857002FC764}.Debug|Any CPU.Build.0 = Debug|Any CPU
		{B7CAD575-CD22-4DBE-BC74-B857002FC764}.Release|Any CPU.ActiveCfg = Release|Any CPU
		{B7CAD575-CD22-4DBE-BC74-B857002FC764}.Release|Any CPU.Build.0 = Release|Any CPU
	EndGlobalSection
	GlobalSection(SolutionProperties) = preSolution
		HideSolutionNode = FALSE
	EndGlobalSection
	GlobalSection(NestedProjects) = preSolution
		{39CBD5CD-31B2-4B67-98B1-A9BED99E2A59} = {47F79B59-6E49-41D5-AEFC-ECBD737DB8A8}
		{1C2568EB-31B3-4A1F-9E1C-8C4D8C568A3C} = {47F79B59-6E49-41D5-AEFC-ECBD737DB8A8}
		{659C5BDF-F4C1-4850-AE42-4518A1A80DE1} = {47F79B59-6E49-41D5-AEFC-ECBD737DB8A8}
		{B7CAD575-CD22-4DBE-BC74-B857002FC764} = {47F79B59-6E49-41D5-AEFC-ECBD737DB8A8}
	EndGlobalSection
	GlobalSection(ExtensibilityGlobals) = postSolution
		SolutionGuid = {72B755AA-D2D8-467A-A94E-6102EBDE0972}
	EndGlobalSection
EndGlobal
